
Microsoft Visual Studio Solution File, Format Version 11.00
# Visual Studio 2010
Project("{FAE04EC0-301F-11D3-BF4B-00C04F79EFBC}") = "Scene0", "Scene0\Scene0\Scene0.csproj", "{78A8BFAC-2E4F-437B-8FD3-645E0FAD06F5}"
EndProject
Project("{96E2B04D-8817-42C6-938A-82C39BA4D311}") = "Scene0Content", "Scene0\Scene0Content\Scene0Content.contentproj", "{3A60071F-1677-4481-91AF-222C6ACD71E9}"
EndProject
Global
	GlobalSection(SolutionConfigurationPlatforms) = preSolution
		Debug|x86 = Debug|x86
		Release|x86 = Release|x86
	EndGlobalSection
	GlobalSection(ProjectConfigurationPlatforms) = postSolution
		{78A8BFAC-2E4F-437B-8FD3-645E0FAD06F5}.Debug|x86.ActiveCfg = Debug|x86
		{78A8BFAC-2E4F-437B-8FD3-645E0FAD06F5}.Debug|x86.Build.0 = Debug|x86
		{78A8BFAC-2E4F-437B-8FD3-645E0FAD06F5}.Release|x86.ActiveCfg = Release|x86
		{78A8BFAC-2E4F-437B-8FD3-645E0FAD06F5}.Release|x86.Build.0 = Release|x86
		{3A60071F-1677-4481-91AF-222C6ACD71E9}.Debug|x86.ActiveCfg = Debug|x86
		{3A60071F-1677-4481-91AF-222C6ACD71E9}.Release|x86.ActiveCfg = Release|x86
	EndGlobalSection
	GlobalSection(SolutionProperties) = preSolution
		HideSolutionNode = FALSE
	EndGlobalSection
EndGlobal
